{
  "requires": true,
  "lockfileVersion": 1,
  "dependencies": {
    "bindings": {
      "version": "1.2.1",
      "resolved": "http://registry.npmjs.org/bindings/-/bindings-1.2.1.tgz",
      "integrity": "sha1-FK1hE4EtLTfXLme0ystLtyZQXxE="
    },
    "deasync": {
      "version": "0.1.14",
      "resolved": "https://registry.npmjs.org/deasync/-/deasync-0.1.14.tgz",
      "integrity": "sha512-wN8sIuEqIwyQh72AG7oY6YQODCxIp1eXzEZlZznBuwDF8Q03Tdy9QNp1BNZXeadXoklNrw+Ip1fch+KXo/+ASw==",
      "requires": {
        "bindings": "~1.2.1",
        "node-addon-api": "^1.6.0"
      }
    },
    "node-addon-api": {
      "version": "1.6.2",
      "resolved": "https://registry.npmjs.org/node-addon-api/-/node-addon-api-1.6.2.tgz",
      "integrity": "sha512-479Bjw9nTE5DdBSZZWprFryHGjUaQC31y1wHo19We/k0BZlrmhqQitWoUL0cD8+scljCbIUL+E58oRDEakdGGA=="
    }
  }
}
